<Solution>
  <Folder Name="/solution/">
    <File Path=".dockerignore" />
    <File Path=".gitattributes" />
    <File Path=".gitignore" />
    <File Path="LICENSE.txt" />
    <File Path="README.md" />
    <File Path="AGENTS.md" />
    <File Path="Radish.sln.DotSettings.user" />
    <File Path="Radish.slnx" />
    <File Path="CLAUDE.md" />
    <File Path="start.ps1" />
    <File Path="start.sh" />
    <File Path="Directory.Build.props" />
    <File Path="package.json" />
    <File Path="Radish.slnLaunch" />
  </Folder>
  <Folder Name="/test/">
    <Project Path="Radish.Api.Tests\Radish.Api.Tests.csproj" />
  </Folder>
  <Project Path="Radish.Api/Radish.Api.csproj" />
  <Project Path="Radish.Auth/Radish.Auth.csproj" />
  <Project Path="Radish.Common/Radish.Common.csproj" />
  <Project Path="Radish.Core/Radish.Core.csproj" />
  <Project Path="Radish.DbMigrate/Radish.DbMigrate.csproj" />
  <Project Path="Radish.Extension.Log/Radish.Extension.Log.csproj" />
  <Project Path="Radish.Extension/Radish.Extension.csproj" />
  <Project Path="Radish.Gateway/Radish.Gateway.csproj" />
  <Project Path="Radish.Infrastructure/Radish.Infrastructure.csproj" />
  <Project Path="Radish.IRepository/Radish.IRepository.csproj" />
  <Project Path="Radish.IService/Radish.IService.csproj" />
  <Project Path="Radish.Model/Radish.Model.csproj" />
  <Project Path="Radish.Repository/Radish.Repository.csproj" />
  <Project Path="Radish.Service/Radish.Service.csproj" />
  <Project Path="Radish.Shared/Radish.Shared.csproj" />
</Solution>
