
Microsoft Visual Studio Solution File, Format Version 12.00
# Visual Studio Version 17
VisualStudioVersion = 17.14.36623.8
MinimumVisualStudioVersion = 10.0.40219.1
Project("{54A90642-561A-4BB1-A94E-469ADEE60C69}") = "radish.client", "radish.client\radish.client.esproj", "{BC024102-5596-C127-6A6C-8BC1244A9FEB}"
EndProject
Project("{FAE04EC0-301F-11D3-BF4B-00C04F79EFBC}") = "Radish.Server", "Radish.Server\Radish.Server.csproj", "{785835CD-B87D-4C2F-A023-67D41F575749}"
EndProject
Project("{2150E333-8FDC-42A3-9474-1A3956D46DE8}") = "others", "others", "{02EA681E-C7D8-13C7-8484-4AC65E1B71E8}"
	ProjectSection(SolutionItems) = preProject
		.dockerignore = .dockerignore
		.gitattributes = .gitattributes
		.gitignore = .gitignore
		LICENSE.txt = LICENSE.txt
		README.md = README.md
	EndProjectSection
EndProject
Project("{2150E333-8FDC-42A3-9474-1A3956D46DE8}") = "docs", "docs", "{0F4119A4-6918-4C4C-962B-E60C1DC4B2FF}"
	ProjectSection(SolutionItems) = preProject
		docs\DevelopmentFramework.md = docs\DevelopmentFramework.md
		docs\DevelopmentPlan.md = docs\DevelopmentPlan.md
		docs\DevelopmentProgress.md = docs\DevelopmentProgress.md
		docs\README.md = docs\README.md
		docs\README_CN.md = docs\README_CN.md
		docs\README_EN.md = docs\README_EN.md
	EndProjectSection
EndProject
Global
	GlobalSection(SolutionConfigurationPlatforms) = preSolution
		Debug|Any CPU = Debug|Any CPU
		Release|Any CPU = Release|Any CPU
	EndGlobalSection
	GlobalSection(ProjectConfigurationPlatforms) = postSolution
		{BC024102-5596-C127-6A6C-8BC1244A9FEB}.Debug|Any CPU.ActiveCfg = Debug|Any CPU
		{BC024102-5596-C127-6A6C-8BC1244A9FEB}.Debug|Any CPU.Build.0 = Debug|Any CPU
		{BC024102-5596-C127-6A6C-8BC1244A9FEB}.Debug|Any CPU.Deploy.0 = Debug|Any CPU
		{BC024102-5596-C127-6A6C-8BC1244A9FEB}.Release|Any CPU.ActiveCfg = Release|Any CPU
		{BC024102-5596-C127-6A6C-8BC1244A9FEB}.Release|Any CPU.Build.0 = Release|Any CPU
		{BC024102-5596-C127-6A6C-8BC1244A9FEB}.Release|Any CPU.Deploy.0 = Release|Any CPU
		{785835CD-B87D-4C2F-A023-67D41F575749}.Debug|Any CPU.ActiveCfg = Debug|Any CPU
		{785835CD-B87D-4C2F-A023-67D41F575749}.Debug|Any CPU.Build.0 = Debug|Any CPU
		{785835CD-B87D-4C2F-A023-67D41F575749}.Release|Any CPU.ActiveCfg = Release|Any CPU
		{785835CD-B87D-4C2F-A023-67D41F575749}.Release|Any CPU.Build.0 = Release|Any CPU
	EndGlobalSection
	GlobalSection(SolutionProperties) = preSolution
		HideSolutionNode = FALSE
	EndGlobalSection
	GlobalSection(ExtensibilityGlobals) = postSolution
		SolutionGuid = {6A52A922-64C5-4AB6-9846-910952AA1BD8}
	EndGlobalSection
EndGlobal
